{
  "requires": true,
  "lockfileVersion": 1,
  "dependencies": {
    "@types/datatables.net": {
      "version": "1.10.19",
      "resolved": "https://registry.npmjs.org/@types/datatables.net/-/datatables.net-1.10.19.tgz",
      "integrity": "sha512-WuzgytEmsIpVYZbkce+EvK1UqBI7/cwcC/WgYeAtXdq2zi+yWzJwMT5Yb6irAiOi52DBjeAEeRt3bYzFYvHWCQ==",
      "requires": {
        "@types/jquery": "*"
      }
    },
    "@types/datatables.net-select": {
      "version": "1.2.6",
      "resolved": "https://registry.npmjs.org/@types/datatables.net-select/-/datatables.net-select-1.2.6.tgz",
      "integrity": "sha512-F114lcN6EuAELInU/ZSb1gGyQNfUFCAdZRbo12dRNtdt+HYxiRHVmow46J7Qy0Hv44/6DaPHwHKhVq35eY3LPg==",
      "requires": {
        "@types/datatables.net": "*",
        "@types/jquery": "*"
      }
    },
    "@types/googlemaps": {
      "version": "3.40.3",
      "resolved": "https://registry.npmjs.org/@types/googlemaps/-/googlemaps-3.40.3.tgz",
      "integrity": "sha512-ivlG5S0LlnQgpgPnQCUNAs7kjBtO367ZwDmuK+ggsQfW+w4N0RyWbxWZ6vPwegDe50Du3Xbb5+QVwJuB/U1XpA=="
    },
    "@types/jquery": {
      "version": "3.5.4",
      "resolved": "https://registry.npmjs.org/@types/jquery/-/jquery-3.5.4.tgz",
      "integrity": "sha512-//9CHhaUt/rurMJTxGI+I6DmsNHgYU6d8aSLFfO5dB7+10lwLnaWT0z5GY/yY82Q/M+B+0Qh3TixlJ8vmBeqIw==",
      "requires": {
        "@types/sizzle": "*"
      }
    },
    "@types/sizzle": {
      "version": "2.3.2",
      "resolved": "https://registry.npmjs.org/@types/sizzle/-/sizzle-2.3.2.tgz",
      "integrity": "sha512-7EJYyKTL7tFR8+gDbB6Wwz/arpGa0Mywk1TJbNzKzHtzbwVmY4HR9WqS5VV7dsBUKQmPNr192jHr/VpBluj/hg=="
    },
    "datatables.net": {
      "version": "1.10.23",
      "resolved": "https://registry.npmjs.org/datatables.net/-/datatables.net-1.10.23.tgz",
      "integrity": "sha512-we3tlNkzpxvgkKKlTxTMXPCt35untVXNg8zUYWpQyC1U5vJc+lT0+Zdc1ztK8d3lh5CfdnuFde2p8n3XwaGl3Q==",
      "requires": {
        "jquery": ">=1.7"
      }
    },
    "datatables.net-responsive": {
      "version": "2.2.6",
      "resolved": "https://registry.npmjs.org/datatables.net-responsive/-/datatables.net-responsive-2.2.6.tgz",
      "integrity": "sha512-cSz8xlM6bUgQlroT6wJjj+wyKGo+GY2Bq+2CL17HaLGrtv1k/RDitHoDMdYbaKljBwSa4sGVBxikHGz3yvirJA==",
      "requires": {
        "datatables.net": "^1.10.15",
        "jquery": ">=1.7"
      }
    },
    "datatables.responsive.typings": {
      "version": "1.0.3",
      "resolved": "https://registry.npmjs.org/datatables.responsive.typings/-/datatables.responsive.typings-1.0.3.tgz",
      "integrity": "sha512-Jn/zMgRT55ThEvgmLrU8p9mBBkltKNKDDtMXIYMsdnSEuaF4n79PIcCBpEUZ2R9uSOiOyrVBZEb/crms4qN7GA==",
      "requires": {
        "@types/datatables.net": "*",
        "@types/jquery": "*"
      }
    },
    "jquery": {
      "version": "3.5.1",
      "resolved": "https://registry.npmjs.org/jquery/-/jquery-3.5.1.tgz",
      "integrity": "sha512-XwIBPqcMn57FxfT+Go5pzySnm4KWkT1Tv7gjrpT1srtf8Weynl6R273VJ5GjkRb51IzMp5nbaPjJXMWeju2MKg=="
    },
    "moment": {
      "version": "2.29.1",
      "resolved": "https://registry.npmjs.org/moment/-/moment-2.29.1.tgz",
      "integrity": "sha512-kHmoybcPV8Sqy59DwNDY3Jefr64lK/by/da0ViFcuA4DH0vQg5Q6Ze5VimxkfQNSC+Mls/Kx53s7TjP1RhFEDQ=="
    }
  }
}
